
Microsoft Visual Studio Solution File, Format Version 12.00
# Visual Studio Version 16
VisualStudioVersion = 16.0.29613.14
MinimumVisualStudioVersion = 10.0.40219.1
Project("{F184B08F-C81C-45F6-A57F-5ABD9991F28F}") = "CRM_BASE", "CRM_BASE.vbproj", "{3C23C7CC-055F-4318-9A1E-D10A902A2B58}"
EndProject
Global
	GlobalSection(SolutionConfigurationPlatforms) = preSolution
		Debug|Any CPU = Debug|Any CPU
		Release|Any CPU = Release|Any CPU
	EndGlobalSection
	GlobalSection(ProjectConfigurationPlatforms) = postSolution
		{3C23C7CC-055F-4318-9A1E-D10A902A2B58}.Debug|Any CPU.ActiveCfg = Debug|Any CPU
		{3C23C7CC-055F-4318-9A1E-D10A902A2B58}.Debug|Any CPU.Build.0 = Debug|Any CPU
		{3C23C7CC-055F-4318-9A1E-D10A902A2B58}.Release|Any CPU.ActiveCfg = Release|Any CPU
		{3C23C7CC-055F-4318-9A1E-D10A902A2B58}.Release|Any CPU.Build.0 = Release|Any CPU
	EndGlobalSection
	GlobalSection(SolutionProperties) = preSolution
		HideSolutionNode = FALSE
	EndGlobalSection
	GlobalSection(ExtensibilityGlobals) = postSolution
		SolutionGuid = {55C13A91-7D6E-4F6C-9DE4-51447537990E}
	EndGlobalSection
EndGlobal
